
Microsoft Visual Studio Solution File, Format Version 12.00
Project("{FAE04EC0-301F-11D3-BF4B-00C04F79EFBC}") = "BookStorageEgorkina", "BookStorageEgorkina\BookStorageEgorkina.csproj", "{FD9790DA-C6B3-4AB8-9023-1DAC77BB9A47}"
EndProject
Project("{FAE04EC0-301F-11D3-BF4B-00C04F79EFBC}") = "BookStore.Core", "BookStore.Core\BookStore.Core.csproj", "{3F96258B-3DD3-4FF4-B075-468B525D69BA}"
EndProject
Project("{FAE04EC0-301F-11D3-BF4B-00C04F79EFBC}") = "BookStorage.DataAccess", "BookStorage.DataAccess\BookStorage.DataAccess.csproj", "{6564E21D-E18D-40FA-ACBE-694658A48AC5}"
EndProject
Project("{2150E333-8FDC-42A3-9474-1A3956D46DE8}") = "Solution Items", "Solution Items", "{FB93563E-36DB-4CBC-A997-DA9C7D7FE079}"
	ProjectSection(SolutionItems) = preProject
		compose.yaml = compose.yaml
	EndProjectSection
EndProject
Project("{FAE04EC0-301F-11D3-BF4B-00C04F79EFBC}") = "BookStorage.Application", "BookStorage.Application\BookStorage.Application.csproj", "{FE5E9FBC-76B7-44CB-B158-111BD4F10BD9}"
EndProject
Global
	GlobalSection(SolutionConfigurationPlatforms) = preSolution
		Debug|Any CPU = Debug|Any CPU
		Release|Any CPU = Release|Any CPU
	EndGlobalSection
	GlobalSection(ProjectConfigurationPlatforms) = postSolution
		{FD9790DA-C6B3-4AB8-9023-1DAC77BB9A47}.Debug|Any CPU.ActiveCfg = Debug|Any CPU
		{FD9790DA-C6B3-4AB8-9023-1DAC77BB9A47}.Debug|Any CPU.Build.0 = Debug|Any CPU
		{FD9790DA-C6B3-4AB8-9023-1DAC77BB9A47}.Release|Any CPU.ActiveCfg = Release|Any CPU
		{FD9790DA-C6B3-4AB8-9023-1DAC77BB9A47}.Release|Any CPU.Build.0 = Release|Any CPU
		{3F96258B-3DD3-4FF4-B075-468B525D69BA}.Debug|Any CPU.ActiveCfg = Debug|Any CPU
		{3F96258B-3DD3-4FF4-B075-468B525D69BA}.Debug|Any CPU.Build.0 = Debug|Any CPU
		{3F96258B-3DD3-4FF4-B075-468B525D69BA}.Release|Any CPU.ActiveCfg = Release|Any CPU
		{3F96258B-3DD3-4FF4-B075-468B525D69BA}.Release|Any CPU.Build.0 = Release|Any CPU
		{6564E21D-E18D-40FA-ACBE-694658A48AC5}.Debug|Any CPU.ActiveCfg = Debug|Any CPU
		{6564E21D-E18D-40FA-ACBE-694658A48AC5}.Debug|Any CPU.Build.0 = Debug|Any CPU
		{6564E21D-E18D-40FA-ACBE-694658A48AC5}.Release|Any CPU.ActiveCfg = Release|Any CPU
		{6564E21D-E18D-40FA-ACBE-694658A48AC5}.Release|Any CPU.Build.0 = Release|Any CPU
		{FE5E9FBC-76B7-44CB-B158-111BD4F10BD9}.Debug|Any CPU.ActiveCfg = Debug|Any CPU
		{FE5E9FBC-76B7-44CB-B158-111BD4F10BD9}.Debug|Any CPU.Build.0 = Debug|Any CPU
		{FE5E9FBC-76B7-44CB-B158-111BD4F10BD9}.Release|Any CPU.ActiveCfg = Release|Any CPU
		{FE5E9FBC-76B7-44CB-B158-111BD4F10BD9}.Release|Any CPU.Build.0 = Release|Any CPU
	EndGlobalSection
EndGlobal
